
Microsoft Visual Studio Solution File, Format Version 12.00
# Visual Studio Version 16
VisualStudioVersion = 16.0.29311.281
MinimumVisualStudioVersion = 10.0.40219.1
Project("{FAE04EC0-301F-11D3-BF4B-00C04F79EFBC}") = "Bookstore", "Bookstore\Bookstore.csproj", "{AAFFAD63-4A5C-47CE-ADA9-CD9D0E8FEA47}"
EndProject
Global
	GlobalSection(SolutionConfigurationPlatforms) = preSolution
		Debug|Any CPU = Debug|Any CPU
		Release|Any CPU = Release|Any CPU
	EndGlobalSection
	GlobalSection(ProjectConfigurationPlatforms) = postSolution
		{AAFFAD63-4A5C-47CE-ADA9-CD9D0E8FEA47}.Debug|Any CPU.ActiveCfg = Debug|Any CPU
		{AAFFAD63-4A5C-47CE-ADA9-CD9D0E8FEA47}.Debug|Any CPU.Build.0 = Debug|Any CPU
		{AAFFAD63-4A5C-47CE-ADA9-CD9D0E8FEA47}.Release|Any CPU.ActiveCfg = Release|Any CPU
		{AAFFAD63-4A5C-47CE-ADA9-CD9D0E8FEA47}.Release|Any CPU.Build.0 = Release|Any CPU
	EndGlobalSection
	GlobalSection(SolutionProperties) = preSolution
		HideSolutionNode = FALSE
	EndGlobalSection
	GlobalSection(ExtensibilityGlobals) = postSolution
		SolutionGuid = {002F18C9-857C-444D-A8F6-8259CBD7C99A}
	EndGlobalSection
EndGlobal
